
Microsoft Visual Studio Solution File, Format Version 12.00
# Visual Studio Version 16
VisualStudioVersion = 16.0.32002.261
MinimumVisualStudioVersion = 10.0.40219.1
Project("{8BC9CEB8-8B4A-11D0-8D11-00A0C91BC942}") = "SE102_FirstGame", "SE102_FirstGame\SE102_FirstGame.vcxproj", "{2CFC5C3A-5CD1-4440-B79C-4EBAD369337C}"
EndProject
Global
	GlobalSection(SolutionConfigurationPlatforms) = preSolution
		Debug|x64 = Debug|x64
		Debug|x86 = Debug|x86
		Release|x64 = Release|x64
		Release|x86 = Release|x86
	EndGlobalSection
	GlobalSection(ProjectConfigurationPlatforms) = postSolution
		{2CFC5C3A-5CD1-4440-B79C-4EBAD369337C}.Debug|x64.ActiveCfg = Debug|x64
		{2CFC5C3A-5CD1-4440-B79C-4EBAD369337C}.Debug|x64.Build.0 = Debug|x64
		{2CFC5C3A-5CD1-4440-B79C-4EBAD369337C}.Debug|x86.ActiveCfg = Debug|Win32
		{2CFC5C3A-5CD1-4440-B79C-4EBAD369337C}.Debug|x86.Build.0 = Debug|Win32
		{2CFC5C3A-5CD1-4440-B79C-4EBAD369337C}.Release|x64.ActiveCfg = Release|x64
		{2CFC5C3A-5CD1-4440-B79C-4EBAD369337C}.Release|x64.Build.0 = Release|x64
		{2CFC5C3A-5CD1-4440-B79C-4EBAD369337C}.Release|x86.ActiveCfg = Release|Win32
		{2CFC5C3A-5CD1-4440-B79C-4EBAD369337C}.Release|x86.Build.0 = Release|Win32
	EndGlobalSection
	GlobalSection(SolutionProperties) = preSolution
		HideSolutionNode = FALSE
	EndGlobalSection
	GlobalSection(ExtensibilityGlobals) = postSolution
		SolutionGuid = {CF3BD590-769A-43EF-A5A4-FD3842366B66}
	EndGlobalSection
EndGlobal
